
Microsoft Visual Studio Solution File, Format Version 12.00
# Visual Studio Version 16
VisualStudioVersion = 16.0.30907.101
MinimumVisualStudioVersion = 10.0.40219.1
Project("{FAE04EC0-301F-11D3-BF4B-00C04F79EFBC}") = "Discord Cache Backup", "Discord Cache Backup\Discord Cache Backup.csproj", "{ED1D7439-11AA-455C-92C3-D1D7A03D8E03}"
EndProject
Global
	GlobalSection(SolutionConfigurationPlatforms) = preSolution
		Debug|Any CPU = Debug|Any CPU
		Release|Any CPU = Release|Any CPU
	EndGlobalSection
	GlobalSection(ProjectConfigurationPlatforms) = postSolution
		{ED1D7439-11AA-455C-92C3-D1D7A03D8E03}.Debug|Any CPU.ActiveCfg = Debug|Any CPU
		{ED1D7439-11AA-455C-92C3-D1D7A03D8E03}.Debug|Any CPU.Build.0 = Debug|Any CPU
		{ED1D7439-11AA-455C-92C3-D1D7A03D8E03}.Release|Any CPU.ActiveCfg = Release|Any CPU
		{ED1D7439-11AA-455C-92C3-D1D7A03D8E03}.Release|Any CPU.Build.0 = Release|Any CPU
	EndGlobalSection
	GlobalSection(SolutionProperties) = preSolution
		HideSolutionNode = FALSE
	EndGlobalSection
	GlobalSection(ExtensibilityGlobals) = postSolution
		SolutionGuid = {397DC674-779A-43A6-B84D-6040F401D35D}
	EndGlobalSection
EndGlobal
